<?xml version="1.0" encoding="utf-8"?>
<Project ToolsVersion="4.0" xmlns="http://schemas.microsoft.com/developer/msbuild/2003">
  <ItemGroup>
    <Filter Include="Source Files">
      <UniqueIdentifier>{4FC737F1-C7A5-4376-A066-2A32D752A2FF}</UniqueIdentifier>
      <Extensions>cpp;c;cc;cxx;c++;cppm;ixx;def;odl;idl;hpj;bat;asm;asmx</Extensions>
    </Filter>
    <Filter Include="Header Files">
      <UniqueIdentifier>{93995380-89BD-4b04-88EB-625FBE52EBFB}</UniqueIdentifier>
      <Extensions>h;hh;hpp;hxx;h++;hm;inl;inc;ipp;xsd</Extensions>
    </Filter>
    <Filter Include="Resource Files">
      <UniqueIdentifier>{67DA6AB6-F800-4c08-8B7A-83BB121AAD01}</UniqueIdentifier>
      <Extensions>rc;ico;cur;bmp;dlg;rc2;rct;bin;rgs;gif;jpg;jpeg;jpe;resx;tiff;tif;png;wav;mfcribbon-ms</Extensions>
    </Filter>
    <Filter Include="Source Files\Utils">
      <UniqueIdentifier>{4ea20d14-baf0-4e2f-b4b4-e45a5c50a245}</UniqueIdentifier>
    </Filter>
    <Filter Include="Header Files\Utils">
      <UniqueIdentifier>{28e31c0c-6a6f-4280-a84a-d41a95707a4d}</UniqueIdentifier>
    </Filter>
    <Filter Include="Header Files\pbPlot">
      <UniqueIdentifier>{8d445bd6-699b-48b9-b99a-d64ba87d7d5f}</UniqueIdentifier>
    </Filter>
  </ItemGroup>
  <ItemGroup>
    <ClCompile Include="main.cpp">
      <Filter>Source Files</Filter>
    </ClCompile>
    <ClCompile Include="ActivationFunction.cpp">
      <Filter>Source Files</Filter>
    </ClCompile>
    <ClCompile Include="NeuralNetworkFF.cpp">
      <Filter>Source Files</Filter>
    </ClCompile>
    <ClCompile Include="ErrorFunction.cpp">
      <Filter>Source Files</Filter>
    </ClCompile>
    <ClCompile Include="BackPropagation.cpp">
      <Filter>Source Files</Filter>
    </ClCompile>
    <ClCompile Include="TestFunction.cpp">
      <Filter>Source Files\Utils</Filter>
    </ClCompile>
    <ClCompile Include="NeuralNetworkManager.cpp">
      <Filter>Source Files</Filter>
    </ClCompile>
    <ClCompile Include="ReadMNIST.cpp">
      <Filter>Source Files</Filter>
    </ClCompile>
    <ClCompile Include="RPROP.cpp">
      <Filter>Source Files</Filter>
    </ClCompile>
    <ClCompile Include="pbPlots\pbPlots.cpp">
      <Filter>Header Files\pbPlot</Filter>
    </ClCompile>
    <ClCompile Include="pbPlots\supportLib.cpp">
      <Filter>Header Files\pbPlot</Filter>
    </ClCompile>
  </ItemGroup>
  <ItemGroup>
    <ClInclude Include="ActivationFunction.h">
      <Filter>Header Files</Filter>
    </ClInclude>
    <ClInclude Include="NeuralNetworkFF.h">
      <Filter>Header Files</Filter>
    </ClInclude>
    <ClInclude Include="ErrorFunction.h">
      <Filter>Header Files</Filter>
    </ClInclude>
    <ClInclude Include="BackPropagation.h">
      <Filter>Header Files</Filter>
    </ClInclude>
    <ClInclude Include="TestFunction.h">
      <Filter>Header Files\Utils</Filter>
    </ClInclude>
    <ClInclude Include="Utility.h">
      <Filter>Header Files\Utils</Filter>
    </ClInclude>
    <ClInclude Include="NeuralNetworkManager.h">
      <Filter>Header Files</Filter>
    </ClInclude>
    <ClInclude Include="InvalidParametersException.h">
      <Filter>Header Files\Utils</Filter>
    </ClInclude>
    <ClInclude Include="ReadMNIST.h">
      <Filter>Header Files</Filter>
    </ClInclude>
    <ClInclude Include="RPROP.h">
      <Filter>Header Files</Filter>
    </ClInclude>
    <ClInclude Include="AnalysisTools.h">
      <Filter>Header Files\Utils</Filter>
    </ClInclude>
    <ClInclude Include="pbPlots\pbPlots.hpp">
      <Filter>Header Files\pbPlot</Filter>
    </ClInclude>
    <ClInclude Include="pbPlots\supportLib.hpp">
      <Filter>Header Files\pbPlot</Filter>
    </ClInclude>
  </ItemGroup>
</Project>